{
  "name": "str-to-lowercase",
  "version": "0.0.1",
  "lockfileVersion": 2,
  "requires": true,
  "packages": {
    "": {
      "name": "str-to-lowercase",
      "version": "0.0.1",
      "license": "Apache-2.0",
      "devDependencies": {
        "cfn-response": "^1.0.1"
      }
    },
    "node_modules/cfn-response": {
      "version": "1.0.1",
      "resolved": "https://registry.npmjs.org/cfn-response/-/cfn-response-1.0.1.tgz",
      "integrity": "sha1-qOwDlQwGg8UUlejKaA2dwLiEsTc=",
      "dev": true
    }
  },
  "dependencies": {
    "cfn-response": {
      "version": "1.0.1",
      "resolved": "https://registry.npmjs.org/cfn-response/-/cfn-response-1.0.1.tgz",
      "integrity": "sha1-qOwDlQwGg8UUlejKaA2dwLiEsTc=",
      "dev": true
    }
  }
}
